PODS:
  - FlutterMacOS (1.0.0)

DEPENDENCIES:
  - FlutterMacOS (from `Flutter/generated`)

EXTERNAL SOURCES:
  FlutterMacOS:
    :path: Flutter/generated

SPEC CHECKSUMS:
  FlutterMacOS: c232990155153907050900a2e175c7773903ba4e

PODFILE CHECKSUM: d86712e460695fda1eac529a7559f4b0ed28a6ba

COCOAPODS: 1.17.0
